
Microsoft Visual Studio Solution File, Format Version 12.00
Project("{FAE04EC0-301F-11D3-BF4B-00C04F79EFBC}") = "IdyieCLI", "IdyieCLI\IdyieCLI.csproj", "{86E2BF1C-3EEC-4349-953F-52D3A1AE5253}"
EndProject
Project("{FAE04EC0-301F-11D3-BF4B-00C04F79EFBC}") = "IdyieUI", "IdyieUI\IdyieUI.csproj", "{793EC462-5216-499E-B9E7-058CB960B1B1}"
EndProject
Project("{FAE04EC0-301F-11D3-BF4B-00C04F79EFBC}") = "Idyie.Domain", "Idyie.Domain\Idyie.Domain.csproj", "{4BA52511-351A-432E-A424-5DF224F76848}"
EndProject
Project("{FAE04EC0-301F-11D3-BF4B-00C04F79EFBC}") = "Idyie.Tcp", "Idyie.Tcp\Idyie.Tcp.csproj", "{23A256E5-BD52-4BF4-B812-A2B2368C265F}"
EndProject
Project("{FAE04EC0-301F-11D3-BF4B-00C04F79EFBC}") = "Idyie.Application", "Idyie.Application\Idyie.Application.csproj", "{BD1366A4-80F3-4BF2-AAB0-2D686705C747}"
EndProject
Project("{FAE04EC0-301F-11D3-BF4B-00C04F79EFBC}") = "Idyie.Infrastructure", "Idyie.Infrastructure\Idyie.Infrastructure.csproj", "{D4D5915C-61C5-4572-A337-BF9E4CEE0B85}"
EndProject
Global
	GlobalSection(SolutionConfigurationPlatforms) = preSolution
		Debug|Any CPU = Debug|Any CPU
		Debug|x64 = Debug|x64
		Debug|x86 = Debug|x86
		Release|Any CPU = Release|Any CPU
		Release|x64 = Release|x64
		Release|x86 = Release|x86
	EndGlobalSection
	GlobalSection(ProjectConfigurationPlatforms) = postSolution
		{86E2BF1C-3EEC-4349-953F-52D3A1AE5253}.Debug|Any CPU.ActiveCfg = Debug|Any CPU
		{86E2BF1C-3EEC-4349-953F-52D3A1AE5253}.Debug|Any CPU.Build.0 = Debug|Any CPU
		{86E2BF1C-3EEC-4349-953F-52D3A1AE5253}.Debug|x64.ActiveCfg = Debug|Any CPU
		{86E2BF1C-3EEC-4349-953F-52D3A1AE5253}.Debug|x64.Build.0 = Debug|Any CPU
		{86E2BF1C-3EEC-4349-953F-52D3A1AE5253}.Debug|x86.ActiveCfg = Debug|Any CPU
		{86E2BF1C-3EEC-4349-953F-52D3A1AE5253}.Debug|x86.Build.0 = Debug|Any CPU
		{86E2BF1C-3EEC-4349-953F-52D3A1AE5253}.Release|Any CPU.ActiveCfg = Release|Any CPU
		{86E2BF1C-3EEC-4349-953F-52D3A1AE5253}.Release|Any CPU.Build.0 = Release|Any CPU
		{86E2BF1C-3EEC-4349-953F-52D3A1AE5253}.Release|x64.ActiveCfg = Release|Any CPU
		{86E2BF1C-3EEC-4349-953F-52D3A1AE5253}.Release|x64.Build.0 = Release|Any CPU
		{86E2BF1C-3EEC-4349-953F-52D3A1AE5253}.Release|x86.ActiveCfg = Release|Any CPU
		{86E2BF1C-3EEC-4349-953F-52D3A1AE5253}.Release|x86.Build.0 = Release|Any CPU
		{793EC462-5216-499E-B9E7-058CB960B1B1}.Debug|Any CPU.ActiveCfg = Debug|Any CPU
		{793EC462-5216-499E-B9E7-058CB960B1B1}.Debug|Any CPU.Build.0 = Debug|Any CPU
		{793EC462-5216-499E-B9E7-058CB960B1B1}.Debug|x64.ActiveCfg = Debug|Any CPU
		{793EC462-5216-499E-B9E7-058CB960B1B1}.Debug|x64.Build.0 = Debug|Any CPU
		{793EC462-5216-499E-B9E7-058CB960B1B1}.Debug|x86.ActiveCfg = Debug|Any CPU
		{793EC462-5216-499E-B9E7-058CB960B1B1}.Debug|x86.Build.0 = Debug|Any CPU
		{793EC462-5216-499E-B9E7-058CB960B1B1}.Release|Any CPU.ActiveCfg = Release|Any CPU
		{793EC462-5216-499E-B9E7-058CB960B1B1}.Release|Any CPU.Build.0 = Release|Any CPU
		{793EC462-5216-499E-B9E7-058CB960B1B1}.Release|x64.ActiveCfg = Release|Any CPU
		{793EC462-5216-499E-B9E7-058CB960B1B1}.Release|x64.Build.0 = Release|Any CPU
		{793EC462-5216-499E-B9E7-058CB960B1B1}.Release|x86.ActiveCfg = Release|Any CPU
		{793EC462-5216-499E-B9E7-058CB960B1B1}.Release|x86.Build.0 = Release|Any CPU
		{4BA52511-351A-432E-A424-5DF224F76848}.Debug|Any CPU.ActiveCfg = Debug|Any CPU
		{4BA52511-351A-432E-A424-5DF224F76848}.Debug|Any CPU.Build.0 = Debug|Any CPU
		{4BA52511-351A-432E-A424-5DF224F76848}.Debug|x64.ActiveCfg = Debug|Any CPU
		{4BA52511-351A-432E-A424-5DF224F76848}.Debug|x64.Build.0 = Debug|Any CPU
		{4BA52511-351A-432E-A424-5DF224F76848}.Debug|x86.ActiveCfg = Debug|Any CPU
		{4BA52511-351A-432E-A424-5DF224F76848}.Debug|x86.Build.0 = Debug|Any CPU
		{4BA52511-351A-432E-A424-5DF224F76848}.Release|Any CPU.ActiveCfg = Release|Any CPU
		{4BA52511-351A-432E-A424-5DF224F76848}.Release|Any CPU.Build.0 = Release|Any CPU
		{4BA52511-351A-432E-A424-5DF224F76848}.Release|x64.ActiveCfg = Release|Any CPU
		{4BA52511-351A-432E-A424-5DF224F76848}.Release|x64.Build.0 = Release|Any CPU
		{4BA52511-351A-432E-A424-5DF224F76848}.Release|x86.ActiveCfg = Release|Any CPU
		{4BA52511-351A-432E-A424-5DF224F76848}.Release|x86.Build.0 = Release|Any CPU
		{23A256E5-BD52-4BF4-B812-A2B2368C265F}.Debug|Any CPU.ActiveCfg = Debug|Any CPU
		{23A256E5-BD52-4BF4-B812-A2B2368C265F}.Debug|Any CPU.Build.0 = Debug|Any CPU
		{23A256E5-BD52-4BF4-B812-A2B2368C265F}.Debug|x64.ActiveCfg = Debug|Any CPU
		{23A256E5-BD52-4BF4-B812-A2B2368C265F}.Debug|x64.Build.0 = Debug|Any CPU
		{23A256E5-BD52-4BF4-B812-A2B2368C265F}.Debug|x86.ActiveCfg = Debug|Any CPU
		{23A256E5-BD52-4BF4-B812-A2B2368C265F}.Debug|x86.Build.0 = Debug|Any CPU
		{23A256E5-BD52-4BF4-B812-A2B2368C265F}.Release|Any CPU.ActiveCfg = Release|Any CPU
		{23A256E5-BD52-4BF4-B812-A2B2368C265F}.Release|Any CPU.Build.0 = Release|Any CPU
		{23A256E5-BD52-4BF4-B812-A2B2368C265F}.Release|x64.ActiveCfg = Release|Any CPU
		{23A256E5-BD52-4BF4-B812-A2B2368C265F}.Release|x64.Build.0 = Release|Any CPU
		{23A256E5-BD52-4BF4-B812-A2B2368C265F}.Release|x86.ActiveCfg = Release|Any CPU
		{23A256E5-BD52-4BF4-B812-A2B2368C265F}.Release|x86.Build.0 = Release|Any CPU
		{BD1366A4-80F3-4BF2-AAB0-2D686705C747}.Debug|Any CPU.ActiveCfg = Debug|Any CPU
		{BD1366A4-80F3-4BF2-AAB0-2D686705C747}.Debug|Any CPU.Build.0 = Debug|Any CPU
		{BD1366A4-80F3-4BF2-AAB0-2D686705C747}.Debug|x64.ActiveCfg = Debug|Any CPU
		{BD1366A4-80F3-4BF2-AAB0-2D686705C747}.Debug|x64.Build.0 = Debug|Any CPU
		{BD1366A4-80F3-4BF2-AAB0-2D686705C747}.Debug|x86.ActiveCfg = Debug|Any CPU
		{BD1366A4-80F3-4BF2-AAB0-2D686705C747}.Debug|x86.Build.0 = Debug|Any CPU
		{BD1366A4-80F3-4BF2-AAB0-2D686705C747}.Release|Any CPU.ActiveCfg = Release|Any CPU
		{BD1366A4-80F3-4BF2-AAB0-2D686705C747}.Release|Any CPU.Build.0 = Release|Any CPU
		{BD1366A4-80F3-4BF2-AAB0-2D686705C747}.Release|x64.ActiveCfg = Release|Any CPU
		{BD1366A4-80F3-4BF2-AAB0-2D686705C747}.Release|x64.Build.0 = Release|Any CPU
		{BD1366A4-80F3-4BF2-AAB0-2D686705C747}.Release|x86.ActiveCfg = Release|Any CPU
		{BD1366A4-80F3-4BF2-AAB0-2D686705C747}.Release|x86.Build.0 = Release|Any CPU
		{D4D5915C-61C5-4572-A337-BF9E4CEE0B85}.Debug|Any CPU.ActiveCfg = Debug|Any CPU
		{D4D5915C-61C5-4572-A337-BF9E4CEE0B85}.Debug|Any CPU.Build.0 = Debug|Any CPU
		{D4D5915C-61C5-4572-A337-BF9E4CEE0B85}.Debug|x64.ActiveCfg = Debug|Any CPU
		{D4D5915C-61C5-4572-A337-BF9E4CEE0B85}.Debug|x64.Build.0 = Debug|Any CPU
		{D4D5915C-61C5-4572-A337-BF9E4CEE0B85}.Debug|x86.ActiveCfg = Debug|Any CPU
		{D4D5915C-61C5-4572-A337-BF9E4CEE0B85}.Debug|x86.Build.0 = Debug|Any CPU
		{D4D5915C-61C5-4572-A337-BF9E4CEE0B85}.Release|Any CPU.ActiveCfg = Release|Any CPU
		{D4D5915C-61C5-4572-A337-BF9E4CEE0B85}.Release|Any CPU.Build.0 = Release|Any CPU
		{D4D5915C-61C5-4572-A337-BF9E4CEE0B85}.Release|x64.ActiveCfg = Release|Any CPU
		{D4D5915C-61C5-4572-A337-BF9E4CEE0B85}.Release|x64.Build.0 = Release|Any CPU
		{D4D5915C-61C5-4572-A337-BF9E4CEE0B85}.Release|x86.ActiveCfg = Release|Any CPU
		{D4D5915C-61C5-4572-A337-BF9E4CEE0B85}.Release|x86.Build.0 = Release|Any CPU
	EndGlobalSection
	GlobalSection(SolutionProperties) = preSolution
		HideSolutionNode = FALSE
	EndGlobalSection
EndGlobal
